
Microsoft Visual Studio Solution File, Format Version 12.00
# Visual Studio Version 16
VisualStudioVersion = 16.0.31515.178
MinimumVisualStudioVersion = 10.0.40219.1
Project("{FAE04EC0-301F-11D3-BF4B-00C04F79EFBC}") = "MyNUnitDemo", "MyNUnitDemo\MyNUnitDemo.csproj", "{A81054EC-EA34-4CAD-995A-7F13E68B94D6}"
EndProject
Project("{FAE04EC0-301F-11D3-BF4B-00C04F79EFBC}") = "NUnitTest", "NUnitTest\NUnitTest.csproj", "{07F1C86D-C16D-4378-B360-E497E7E5D017}"
EndProject
Global
	GlobalSection(SolutionConfigurationPlatforms) = preSolution
		Debug|Any CPU = Debug|Any CPU
		Release|Any CPU = Release|Any CPU
	EndGlobalSection
	GlobalSection(ProjectConfigurationPlatforms) = postSolution
		{A81054EC-EA34-4CAD-995A-7F13E68B94D6}.Debug|Any CPU.ActiveCfg = Debug|Any CPU
		{A81054EC-EA34-4CAD-995A-7F13E68B94D6}.Debug|Any CPU.Build.0 = Debug|Any CPU
		{A81054EC-EA34-4CAD-995A-7F13E68B94D6}.Release|Any CPU.ActiveCfg = Release|Any CPU
		{A81054EC-EA34-4CAD-995A-7F13E68B94D6}.Release|Any CPU.Build.0 = Release|Any CPU
		{07F1C86D-C16D-4378-B360-E497E7E5D017}.Debug|Any CPU.ActiveCfg = Debug|Any CPU
		{07F1C86D-C16D-4378-B360-E497E7E5D017}.Debug|Any CPU.Build.0 = Debug|Any CPU
		{07F1C86D-C16D-4378-B360-E497E7E5D017}.Release|Any CPU.ActiveCfg = Release|Any CPU
		{07F1C86D-C16D-4378-B360-E497E7E5D017}.Release|Any CPU.Build.0 = Release|Any CPU
	EndGlobalSection
	GlobalSection(SolutionProperties) = preSolution
		HideSolutionNode = FALSE
	EndGlobalSection
	GlobalSection(ExtensibilityGlobals) = postSolution
		SolutionGuid = {3CE9F881-CDFE-454F-8516-D85FD5C3EBB9}
	EndGlobalSection
EndGlobal
